{
  "name": "frontend",
  "version": "0.0.0",
  "lockfileVersion": 3,
  "requires": true,
  "packages": {
    "": {
      "name": "frontend",
      "version": "0.0.0",
      "dependencies": {
        "@fortawesome/fontawesome-svg-core": "^7.2.0",
        "@fortawesome/free-solid-svg-icons": "^7.2.0",
        "@fortawesome/vue-fontawesome": "^3.2.0",
        "@primeuix/themes": "^2.0.3",
        "@tailwindcss/vite": "^4.2.4",
        "chart.js": "^4.5.1",
        "pinia": "^3.0.4",
        "primevue": "^4.5.5",
        "sweetalert2": "^11.26.24",
        "tailwindcss": "^4.2.4",
        "vue": "^3.5.32",
        "vue-router": "^4.6.4"
      },
      "devDependencies": {
        "@vitejs/plugin-vue": "^6.0.6",
        "vite": "^8.0.10"
      }
    },
    "../node_modules/.pnpm/@tailwindcss+vite@4.2.4_vite@8.0.10_jiti@2.6.1_/node_modules/@tailwindcss/vite": {
      "version": "4.2.4",
      "license": "MIT",
      "dependencies": {
        "@tailwindcss/node": "4.2.4",
        "@tailwindcss/oxide": "4.2.4",
        "tailwindcss": "4.2.4"
      },
      "devDependencies": {
        "@types/node": "^20.19.0",
        "vite": "^8.0.0"
      },
      "peerDependencies": {
        "vite": "^5.2.0 || ^6 || ^7 || ^8"
      }
    },
    "../node_modules/.pnpm/@vitejs+plugin-vue@6.0.6_vite@8.0.10_jiti@2.6.1__vue@3.5.33/node_modules/@vitejs/plugin-vue": {
      "version": "6.0.6",
      "dev": true,
      "license": "MIT",
      "dependencies": {
        "@rolldown/pluginutils": "1.0.0-rc.13"
      },
      "devDependencies": {
        "@babel/types": "^7.29.0",
        "@jridgewell/gen-mapping": "^0.3.13",
        "@jridgewell/trace-mapping": "^0.3.31",
        "obug": "^2.1.1",
        "slash": "^5.1.0",
        "source-map-js": "^1.2.1",
        "tsdown": "^0.21.7",
        "vite": "^8.0.5",
        "vue": "^3.5.32"
      },
      "engines": {
        "node": "^20.19.0 || >=22.12.0"
      },
      "peerDependencies": {
        "vite": "^5.0.0 || ^6.0.0 || ^7.0.0 || ^8.0.0",
        "vue": "^3.2.25"
      }
    },
    "../node_modules/.pnpm/pinia@3.0.4_vue@3.5.33/node_modules/pinia": {
      "version": "3.0.4",
      "license": "MIT",
      "dependencies": {
        "@vue/devtools-api": "^7.7.7"
      },
      "devDependencies": {
        "@microsoft/api-extractor": "7.53.3",
        "@vue/test-utils": "^2.4.6"
      },
      "funding": {
        "url": "https://github.com/sponsors/posva"
      },
      "peerDependencies": {
        "typescript": ">=4.5.0",
        "vue": "^3.5.11"
      },
      "peerDependenciesMeta": {
        "typescript": {
          "optional": true
        }
      }
    },
    "../node_modules/.pnpm/tailwindcss@4.2.4/node_modules/tailwindcss": {
      "version": "4.2.4",
      "license": "MIT",
      "devDependencies": {
        "@jridgewell/remapping": "^2.3.5",
        "@tailwindcss/oxide": "^4.2.4",
        "@types/node": "^20.19.0",
        "dedent": "1.7.1",
        "lightningcss": "1.32.0",
        "magic-string": "^0.30.21",
        "source-map-js": "^1.2.1"
      }
    },
    "../node_modules/.pnpm/vite@8.0.10_jiti@2.6.1/node_modules/vite": {
      "version": "8.0.10",
      "dev": true,
      "license": "MIT",
      "dependencies": {
        "lightningcss": "^1.32.0",
        "picomatch": "^4.0.4",
        "postcss": "^8.5.10",
        "rolldown": "1.0.0-rc.17",
        "tinyglobby": "^0.2.16"
      },
      "bin": {
        "vite": "bin/vite.js"
      },
      "devDependencies": {
        "@babel/parser": "^7.29.2",
        "@jridgewell/remapping": "^2.3.5",
        "@jridgewell/trace-mapping": "^0.3.31",
        "@polka/compression": "^1.0.0-next.25",
        "@rollup/plugin-alias": "^6.0.0",
        "@rollup/plugin-dynamic-import-vars": "2.1.4",
        "@rollup/pluginutils": "^5.3.0",
        "@types/escape-html": "^1.0.4",
        "@types/pnpapi": "^0.0.5",
        "@vercel/detect-agent": "^1.2.3",
        "@vitejs/devtools": "^0.1.14",
        "@vitest/utils": "4.1.4",
        "artichokie": "^0.4.3",
        "baseline-browser-mapping": "^2.10.20",
        "cac": "^7.0.0",
        "chokidar": "^3.6.0",
        "connect": "^3.7.0",
        "convert-source-map": "^2.0.0",
        "cors": "^2.8.6",
        "cross-spawn": "^7.0.6",
        "dotenv-expand": "^13.0.0",
        "es-module-lexer": "^1.7.0",
        "esbuild": "^0.28.0",
        "escape-html": "^1.0.3",
        "estree-walker": "^3.0.3",
        "etag": "^1.8.1",
        "host-validation-middleware": "^0.1.4",
        "http-proxy-3": "^1.23.2",
        "launch-editor-middleware": "^2.13.2",
        "magic-string": "^0.30.21",
        "mlly": "^1.8.2",
        "mrmime": "^2.0.1",
        "nanoid": "^5.1.9",
        "obug": "^1.0.2",
        "open": "^10.2.0",
        "parse5": "^8.0.1",
        "pathe": "^2.0.3",
        "periscopic": "^4.0.2",
        "picocolors": "^1.1.1",
        "postcss-import": "^16.1.1",
        "postcss-load-config": "^6.0.1",
        "postcss-modules": "^6.0.1",
        "premove": "^4.0.0",
        "resolve.exports": "^2.0.3",
        "rolldown-plugin-dts": "^0.23.2",
        "rollup": "^4.59.0",
        "rollup-plugin-license": "^3.7.1",
        "sass": "^1.99.0",
        "sass-embedded": "^1.99.0",
        "sirv": "^3.0.2",
        "strip-literal": "^3.1.0",
        "terser": "^5.46.1",
        "ufo": "^1.6.3",
        "ws": "^8.20.0"
      },
      "engines": {
        "node": "^20.19.0 || >=22.12.0"
      },
      "funding": {
        "url": "https://github.com/vitejs/vite?sponsor=1"
      },
      "optionalDependencies": {
        "fsevents": "~2.3.3"
      },
      "peerDependencies": {
        "@types/node": "^20.19.0 || >=22.12.0",
        "@vitejs/devtools": "^0.1.0",
        "esbuild": "^0.27.0 || ^0.28.0",
        "jiti": ">=1.21.0",
        "less": "^4.0.0",
        "sass": "^1.70.0",
        "sass-embedded": "^1.70.0",
        "stylus": ">=0.54.8",
        "sugarss": "^5.0.0",
        "terser": "^5.16.0",
        "tsx": "^4.8.1",
        "yaml": "^2.4.2"
      },
      "peerDependenciesMeta": {
        "@types/node": {
          "optional": true
        },
        "@vitejs/devtools": {
          "optional": true
        },
        "esbuild": {
          "optional": true
        },
        "jiti": {
          "optional": true
        },
        "less": {
          "optional": true
        },
        "sass": {
          "optional": true
        },
        "sass-embedded": {
          "optional": true
        },
        "stylus": {
          "optional": true
        },
        "sugarss": {
          "optional": true
        },
        "terser": {
          "optional": true
        },
        "tsx": {
          "optional": true
        },
        "yaml": {
          "optional": true
        }
      }
    },
    "../node_modules/.pnpm/vue-router@4.6.4_vue@3.5.33/node_modules/vue-router": {
      "version": "4.6.4",
      "license": "MIT",
      "dependencies": {
        "@vue/devtools-api": "^6.6.4"
      },
      "devDependencies": {
        "@rollup/plugin-commonjs": "^28.0.7",
        "@rollup/plugin-node-resolve": "^16.0.3",
        "@rollup/plugin-replace": "^6.0.2",
        "@rollup/plugin-terser": "^0.4.4",
        "@types/jsdom": "^21.1.7",
        "@types/nightwatch": "^2.3.32",
        "@typescript/native-preview": "7.0.0-dev.20251013.1",
        "@vitejs/plugin-vue": "^6.0.1",
        "@vue/compiler-sfc": "~3.5.22",
        "@vue/server-renderer": "~3.5.22",
        "@vue/test-utils": "^2.4.6",
        "browserstack-local": "^1.5.8",
        "chromedriver": "^138.0.5",
        "connect-history-api-fallback": "^1.6.0",
        "dotenv": "^17.2.3",
        "faked-promise": "^2.2.2",
        "geckodriver": "^6.0.2",
        "happy-dom": "^20.0.0",
        "nightwatch": "^3.12.2",
        "nightwatch-helpers": "^1.2.0",
        "rimraf": "^6.0.1",
        "rollup": "^4.52.4",
        "rollup-plugin-typescript2": "^0.36.0",
        "tsdown": "^0.17.2",
        "tsup": "^8.5.0",
        "vite": "^7.1.10",
        "vue": "~3.6.0-alpha.2"
      },
      "funding": {
        "url": "https://github.com/sponsors/posva"
      },
      "peerDependencies": {
        "vue": "^3.5.0"
      }
    },
    "../node_modules/.pnpm/vue@3.5.33/node_modules/vue": {
      "version": "3.5.33",
      "license": "MIT",
      "dependencies": {
        "@vue/compiler-dom": "3.5.33",
        "@vue/compiler-sfc": "3.5.33",
        "@vue/runtime-dom": "3.5.33",
        "@vue/server-renderer": "3.5.33",
        "@vue/shared": "3.5.33"
      },
      "peerDependencies": {
        "typescript": "*"
      },
      "peerDependenciesMeta": {
        "typescript": {
          "optional": true
        }
      }
    },
    "node_modules/@fortawesome/fontawesome-common-types": {
      "version": "7.2.0",
      "resolved": "https://registry.npmjs.org/@fortawesome/fontawesome-common-types/-/fontawesome-common-types-7.2.0.tgz",
      "integrity": "sha512-IpR0bER9FY25p+e7BmFH25MZKEwFHTfRAfhOyJubgiDnoJNsSvJ7nigLraHtp4VOG/cy8D7uiV0dLkHOne5Fhw==",
      "license": "MIT",
      "engines": {
        "node": ">=6"
      }
    },
    "node_modules/@fortawesome/fontawesome-svg-core": {
      "version": "7.2.0",
      "resolved": "https://registry.npmjs.org/@fortawesome/fontawesome-svg-core/-/fontawesome-svg-core-7.2.0.tgz",
      "integrity": "sha512-6639htZMjEkwskf3J+e6/iar+4cTNM9qhoWuRfj9F3eJD6r7iCzV1SWnQr2Mdv0QT0suuqU8BoJCZUyCtP9R4Q==",
      "license": "MIT",
      "dependencies": {
        "@fortawesome/fontawesome-common-types": "7.2.0"
      },
      "engines": {
        "node": ">=6"
      }
    },
    "node_modules/@fortawesome/free-solid-svg-icons": {
      "version": "7.2.0",
      "resolved": "https://registry.npmjs.org/@fortawesome/free-solid-svg-icons/-/free-solid-svg-icons-7.2.0.tgz",
      "integrity": "sha512-YTVITFGN0/24PxzXrwqCgnyd7njDuzp5ZvaCx5nq/jg55kUYd94Nj8UTchBdBofi/L0nwRfjGOg0E41d2u9T1w==",
      "license": "(CC-BY-4.0 AND MIT)",
      "dependencies": {
        "@fortawesome/fontawesome-common-types": "7.2.0"
      },
      "engines": {
        "node": ">=6"
      }
    },
    "node_modules/@fortawesome/vue-fontawesome": {
      "version": "3.2.0",
      "resolved": "https://registry.npmjs.org/@fortawesome/vue-fontawesome/-/vue-fontawesome-3.2.0.tgz",
      "integrity": "sha512-7BwGjTZn8QDvVEIu8fvkHhsDRRv//tq7jtsldaDhF3dE1fyWLIQcEg3zvIzy33su7kcppWsZZ6XRYP5wp3UCgQ==",
      "license": "MIT",
      "peerDependencies": {
        "@fortawesome/fontawesome-svg-core": "~1 || ~6 || ~7",
        "vue": ">= 3.0.0 < 4"
      }
    },
    "node_modules/@kurkle/color": {
      "version": "0.3.4",
      "resolved": "https://registry.npmjs.org/@kurkle/color/-/color-0.3.4.tgz",
      "integrity": "sha512-M5UknZPHRu3DEDWoipU6sE8PdkZ6Z/S+v4dD+Ke8IaNlpdSQah50lz1KtcFBa2vsdOnwbbnxJwVM4wty6udA5w==",
      "license": "MIT"
    },
    "node_modules/@primeuix/styled": {
      "version": "0.7.4",
      "resolved": "https://registry.npmjs.org/@primeuix/styled/-/styled-0.7.4.tgz",
      "integrity": "sha512-QSO/NpOQg8e9BONWRBx9y8VGMCMYz0J/uKfNJEya/RGEu7ARx0oYW0ugI1N3/KB1AAvyGxzKBzGImbwg0KUiOQ==",
      "license": "MIT",
      "dependencies": {
        "@primeuix/utils": "^0.6.1"
      },
      "engines": {
        "node": ">=12.11.0"
      }
    },
    "node_modules/@primeuix/styles": {
      "version": "2.0.3",
      "resolved": "https://registry.npmjs.org/@primeuix/styles/-/styles-2.0.3.tgz",
      "integrity": "sha512-2ykAB6BaHzR/6TwF8ShpJTsZrid6cVIEBVlookSdvOdmlWuevGu5vWOScgIwqWwlZcvkFYAGR/SUV3OHCTBMdw==",
      "license": "MIT",
      "dependencies": {
        "@primeuix/styled": "^0.7.4"
      }
    },
    "node_modules/@primeuix/themes": {
      "version": "2.0.3",
      "resolved": "https://registry.npmjs.org/@primeuix/themes/-/themes-2.0.3.tgz",
      "integrity": "sha512-3fS1883mtCWhgUgNf/feiaaDSOND4EBIOu9tZnzJlJ8QtYyL6eFLcA6V3ymCWqLVXQ1+lTVEZv1gl47FIdXReg==",
      "license": "MIT",
      "dependencies": {
        "@primeuix/styled": "^0.7.4"
      }
    },
    "node_modules/@primeuix/utils": {
      "version": "0.6.4",
      "resolved": "https://registry.npmjs.org/@primeuix/utils/-/utils-0.6.4.tgz",
      "integrity": "sha512-pZ5f+vj7wSzRhC7KoEQRU5fvYAe+RP9+m39CTscZ3UywCD1Y2o6Fe1rRgklMPSkzUcty2jzkA0zMYkiJBD1hgg==",
      "license": "MIT",
      "engines": {
        "node": ">=12.11.0"
      }
    },
    "node_modules/@primevue/core": {
      "version": "4.5.5",
      "resolved": "https://registry.npmjs.org/@primevue/core/-/core-4.5.5.tgz",
      "integrity": "sha512-JpkXhq1ddc70JdsC3CC4dM+UbeeWuCW/8DpS9dNBfrOk824TLSlRlMEGFyVKqRMn5WPQvYLiy3xXfLQeNdSqhQ==",
      "license": "MIT",
      "dependencies": {
        "@primeuix/styled": "^0.7.4",
        "@primeuix/utils": "^0.6.2"
      },
      "engines": {
        "node": ">=12.11.0"
      },
      "peerDependencies": {
        "vue": "^3.5.0"
      }
    },
    "node_modules/@primevue/icons": {
      "version": "4.5.5",
      "resolved": "https://registry.npmjs.org/@primevue/icons/-/icons-4.5.5.tgz",
      "integrity": "sha512-eteOhTdAOXEYE9qW1AOrBBgDxQ2szHJxSkEK1XVdV2TKxGM5FQf03Ovms0VDyZTc16XBIgvwYjXJQS0BPbhPaA==",
      "license": "MIT",
      "dependencies": {
        "@primeuix/utils": "^0.6.2",
        "@primevue/core": "4.5.5"
      },
      "engines": {
        "node": ">=12.11.0"
      }
    },
    "node_modules/@tailwindcss/vite": {
      "resolved": "../node_modules/.pnpm/@tailwindcss+vite@4.2.4_vite@8.0.10_jiti@2.6.1_/node_modules/@tailwindcss/vite",
      "link": true
    },
    "node_modules/@vitejs/plugin-vue": {
      "resolved": "../node_modules/.pnpm/@vitejs+plugin-vue@6.0.6_vite@8.0.10_jiti@2.6.1__vue@3.5.33/node_modules/@vitejs/plugin-vue",
      "link": true
    },
    "node_modules/chart.js": {
      "version": "4.5.1",
      "resolved": "https://registry.npmjs.org/chart.js/-/chart.js-4.5.1.tgz",
      "integrity": "sha512-GIjfiT9dbmHRiYi6Nl2yFCq7kkwdkp1W/lp2J99rX0yo9tgJGn3lKQATztIjb5tVtevcBtIdICNWqlq5+E8/Pw==",
      "license": "MIT",
      "dependencies": {
        "@kurkle/color": "^0.3.0"
      },
      "engines": {
        "pnpm": ">=8"
      }
    },
    "node_modules/pinia": {
      "resolved": "../node_modules/.pnpm/pinia@3.0.4_vue@3.5.33/node_modules/pinia",
      "link": true
    },
    "node_modules/primevue": {
      "version": "4.5.5",
      "resolved": "https://registry.npmjs.org/primevue/-/primevue-4.5.5.tgz",
      "integrity": "sha512-Kv5REIewCdP806QaoU+4nBXfmpzOGFKkZ9qH4KsL6MjiAQVc4PUzypt8erl4r3Vzh3nr3aWZIxkxYRRsLGiX2A==",
      "license": "MIT",
      "dependencies": {
        "@primeuix/styled": "^0.7.4",
        "@primeuix/styles": "^2.0.3",
        "@primeuix/utils": "^0.6.2",
        "@primevue/core": "4.5.5",
        "@primevue/icons": "4.5.5"
      },
      "engines": {
        "node": ">=12.11.0"
      }
    },
    "node_modules/sweetalert2": {
      "version": "11.26.24",
      "resolved": "https://registry.npmjs.org/sweetalert2/-/sweetalert2-11.26.24.tgz",
      "integrity": "sha512-SLgukW4wicewpW5VOukSXY5Z6DL/z7HCOK2ODSjmQPiSphCN8gJAmh9npoceXOtBRNoDN0xIz+zHYthtfiHmjg==",
      "license": "MIT",
      "funding": {
        "type": "individual",
        "url": "https://github.com/sponsors/limonte"
      }
    },
    "node_modules/tailwindcss": {
      "resolved": "../node_modules/.pnpm/tailwindcss@4.2.4/node_modules/tailwindcss",
      "link": true
    },
    "node_modules/vite": {
      "resolved": "../node_modules/.pnpm/vite@8.0.10_jiti@2.6.1/node_modules/vite",
      "link": true
    },
    "node_modules/vue": {
      "resolved": "../node_modules/.pnpm/vue@3.5.33/node_modules/vue",
      "link": true
    },
    "node_modules/vue-router": {
      "resolved": "../node_modules/.pnpm/vue-router@4.6.4_vue@3.5.33/node_modules/vue-router",
      "link": true
    }
  }
}
